// !$*UTF8*$!
{
	archiveVersion = 1;
	classes = {
	};
	objectVersion = 48;
	objects = {

/* Begin PBXBuildFile section */
		6528DAA0EBBB8E065FA40227 /* Pods_20180305_RajPachaiyappan_NYCSchools.framework in Frameworks */ = {isa = PBXBuildFile; fileRef = 3627A01687584BE5B7149CFD /* Pods_20180305_RajPachaiyappan_NYCSchools.framework */; };
		B2757B78E62B41E6DCB352FB /* Pods_20180305_RajPachaiyappan_NYCSchoolsTests.framework in Frameworks */ = {isa = PBXBuildFile; fileRef = D70BECE9D3D4580E440794B0 /* Pods_20180305_RajPachaiyappan_NYCSchoolsTests.framework */; };
		EE3264E4204E0A4D009ABDEF /* AppDelegate.swift in Sources */ = {isa = PBXBuildFile; fileRef = EE3264E3204E0A4D009ABDEF /* AppDelegate.swift */; };
		EE3264E9204E0A4D009ABDEF /* Main.storyboard in Resources */ = {isa = PBXBuildFile; fileRef = EE3264E7204E0A4D009ABDEF /* Main.storyboard */; };
		EE3264EB204E0A4D009ABDEF /* Assets.xcassets in Resources */ = {isa = PBXBuildFile; fileRef = EE3264EA204E0A4D009ABDEF /* Assets.xcassets */; };
		EE3264EE204E0A4D009ABDEF /* LaunchScreen.storyboard in Resources */ = {isa = PBXBuildFile; fileRef = EE3264EC204E0A4D009ABDEF /* LaunchScreen.storyboard */; };
		EE3264F9204E0A4D009ABDEF /* _0180305_RajPachaiyappan_NYCSchoolsTests.swift in Sources */ = {isa = PBXBuildFile; fileRef = EE3264F8204E0A4D009ABDEF /* _0180305_RajPachaiyappan_NYCSchoolsTests.swift */; };
		EE326504204E0A4D009ABDEF /* _0180305_RajPachaiyappan_NYCSchoolsUITests.swift in Sources */ = {isa = PBXBuildFile; fileRef = EE326503204E0A4D009ABDEF /* _0180305_RajPachaiyappan_NYCSchoolsUITests.swift */; };
		EEE1FEAD204F25A0005415C5 /* AppConstants.swift in Sources */ = {isa = PBXBuildFile; fileRef = EEE1FEAC204F25A0005415C5 /* AppConstants.swift */; };
		EEE1FEB0204F25AE005415C5 /* SchoolDetailsViewController.swift in Sources */ = {isa = PBXBuildFile; fileRef = EEE1FEAE204F25AD005415C5 /* SchoolDetailsViewController.swift */; };
		EEE1FEB1204F25AE005415C5 /* NYCSchoolsTableViewController.swift in Sources */ = {isa = PBXBuildFile; fileRef = EEE1FEAF204F25AD005415C5 /* NYCSchoolsTableViewController.swift */; };
		EEE1FEB4204F25BA005415C5 /* SchoolCellTableViewCell.swift in Sources */ = {isa = PBXBuildFile; fileRef = EEE1FEB2204F25BA005415C5 /* SchoolCellTableViewCell.swift */; };
		EEE1FEB5204F25BA005415C5 /* ScoreCollectionViewCell.swift in Sources */ = {isa = PBXBuildFile; fileRef = EEE1FEB3204F25BA005415C5 /* ScoreCollectionViewCell.swift */; };
		EEE1FEBE204F2610005415C5 /* SchoolDetails.swift in Sources */ = {isa = PBXBuildFile; fileRef = EEE1FEBC204F260F005415C5 /* SchoolDetails.swift */; };
		EEE1FEBF204F2610005415C5 /* Schools.swift in Sources */ = {isa = PBXBuildFile; fileRef = EEE1FEBD204F260F005415C5 /* Schools.swift */; };
		EEE1FEC2204F3AD8005415C5 /* CustomActivityIndicator.swift in Sources */ = {isa = PBXBuildFile; fileRef = EEE1FEC1204F3AD8005415C5 /* CustomActivityIndicator.swift */; };
		EEE1FEC5204F3B08005415C5 /* AppUtils.swift in Sources */ = {isa = PBXBuildFile; fileRef = EEE1FEC4204F3B08005415C5 /* AppUtils.swift */; };
		EEE1FEC9204F3B67005415C5 /* ServiceManager.swift in Sources */ = {isa = PBXBuildFile; fileRef = EEE1FEC8204F3B66005415C5 /* ServiceManager.swift */; };
		F224212CAB11240EBAC2A712 /* Pods_20180305_RajPachaiyappan_NYCSchoolsUITests.framework in Frameworks */ = {isa = PBXBuildFile; fileRef = 83607445AFD01C070C69A2E1 /* Pods_20180305_RajPachaiyappan_NYCSchoolsUITests.framework */; };
/* End PBXBuildFile section */

/* Begin PBXContainerItemProxy section */
		EE3264F5204E0A4D009ABDEF /* PBXContainerItemProxy */ = {
			isa = PBXContainerItemProxy;
			containerPortal = EE3264D8204E0A4D009ABDEF /* Project object */;
			proxyType = 1;
			remoteGlobalIDString = EE3264DF204E0A4D009ABDEF;
			remoteInfo = "20180305-RajPachaiyappan-NYCSchools";
		};
		EE326500204E0A4D009ABDEF /* PBXContainerItemProxy */ = {
			isa = PBXContainerItemProxy;
			containerPortal = EE3264D8204E0A4D009ABDEF /* Project object */;
			proxyType = 1;
			remoteGlobalIDString = EE3264DF204E0A4D009ABDEF;
			remoteInfo = "20180305-RajPachaiyappan-NYCSchools";
		};
/* End PBXContainerItemProxy section */

/* Begin PBXFileReference section */
		0A3FC52F71E451C98541CE06 /* Pods-20180305-RajPachaiyappan-NYCSchools.debug.xcconfig */ = {isa = PBXFileReference; includeInIndex = 1; lastKnownFileType = text.xcconfig; name = "Pods-20180305-RajPachaiyappan-NYCSchools.debug.xcconfig"; path = "Pods/Target Support Files/Pods-20180305-RajPachaiyappan-NYCSchools/Pods-20180305-RajPachaiyappan-NYCSchools.debug.xcconfig"; sourceTree = "<group>"; };
		2414105103BE8840A6324FB2 /* Pods-20180305-RajPachaiyappan-NYCSchoolsTests.release.xcconfig */ = {isa = PBXFileReference; includeInIndex = 1; lastKnownFileType = text.xcconfig; name = "Pods-20180305-RajPachaiyappan-NYCSchoolsTests.release.xcconfig"; path = "Pods/Target Support Files/Pods-20180305-RajPachaiyappan-NYCSchoolsTests/Pods-20180305-RajPachaiyappan-NYCSchoolsTests.release.xcconfig"; sourceTree = "<group>"; };
		3627A01687584BE5B7149CFD /* Pods_20180305_RajPachaiyappan_NYCSchools.framework */ = {isa = PBXFileReference; explicitFileType = wrapper.framework; includeInIndex = 0; path = Pods_20180305_RajPachaiyappan_NYCSchools.framework; sourceTree = BUILT_PRODUCTS_DIR; };
		4E4CD1CA8045BE8E0268F3F9 /* Pods-20180305-RajPachaiyappan-NYCSchoolsTests.debug.xcconfig */ = {isa = PBXFileReference; includeInIndex = 1; lastKnownFileType = text.xcconfig; name = "Pods-20180305-RajPachaiyappan-NYCSchoolsTests.debug.xcconfig"; path = "Pods/Target Support Files/Pods-20180305-RajPachaiyappan-NYCSchoolsTests/Pods-20180305-RajPachaiyappan-NYCSchoolsTests.debug.xcconfig"; sourceTree = "<group>"; };
		83607445AFD01C070C69A2E1 /* Pods_20180305_RajPachaiyappan_NYCSchoolsUITests.framework */ = {isa = PBXFileReference; explicitFileType = wrapper.framework; includeInIndex = 0; path = Pods_20180305_RajPachaiyappan_NYCSchoolsUITests.framework; sourceTree = BUILT_PRODUCTS_DIR; };
		8AB8195C8D6F1720AB6C3E86 /* Pods-20180305-RajPachaiyappan-NYCSchoolsUITests.debug.xcconfig */ = {isa = PBXFileReference; includeInIndex = 1; lastKnownFileType = text.xcconfig; name = "Pods-20180305-RajPachaiyappan-NYCSchoolsUITests.debug.xcconfig"; path = "Pods/Target Support Files/Pods-20180305-RajPachaiyappan-NYCSchoolsUITests/Pods-20180305-RajPachaiyappan-NYCSchoolsUITests.debug.xcconfig"; sourceTree = "<group>"; };
		B59346DBC3595602A4689439 /* Pods-20180305-RajPachaiyappan-NYCSchoolsUITests.release.xcconfig */ = {isa = PBXFileReference; includeInIndex = 1; lastKnownFileType = text.xcconfig; name = "Pods-20180305-RajPachaiyappan-NYCSchoolsUITests.release.xcconfig"; path = "Pods/Target Support Files/Pods-20180305-RajPachaiyappan-NYCSchoolsUITests/Pods-20180305-RajPachaiyappan-NYCSchoolsUITests.release.xcconfig"; sourceTree = "<group>"; };
		D27F73BA66295E5FDE9DEF1C /* Pods-20180305-RajPachaiyappan-NYCSchools.release.xcconfig */ = {isa = PBXFileReference; includeInIndex = 1; lastKnownFileType = text.xcconfig; name = "Pods-20180305-RajPachaiyappan-NYCSchools.release.xcconfig"; path = "Pods/Target Support Files/Pods-20180305-RajPachaiyappan-NYCSchools/Pods-20180305-RajPachaiyappan-NYCSchools.release.xcconfig"; sourceTree = "<group>"; };
		D70BECE9D3D4580E440794B0 /* Pods_20180305_RajPachaiyappan_NYCSchoolsTests.framework */ = {isa = PBXFileReference; explicitFileType = wrapper.framework; includeInIndex = 0; path = Pods_20180305_RajPachaiyappan_NYCSchoolsTests.framework; sourceTree = BUILT_PRODUCTS_DIR; };
		EE3264E0204E0A4D009ABDEF /* 20180305-RajPachaiyappan-NYCSchools.app */ = {isa = PBXFileReference; explicitFileType = wrapper.application; includeInIndex = 0; path = "20180305-RajPachaiyappan-NYCSchools.app"; sourceTree = BUILT_PRODUCTS_DIR; };
		EE3264E3204E0A4D009ABDEF /* AppDelegate.swift */ = {isa = PBXFileReference; lastKnownFileType = sourcecode.swift; path = AppDelegate.swift; sourceTree = "<group>"; };
		EE3264E8204E0A4D009ABDEF /* Base */ = {isa = PBXFileReference; lastKnownFileType = file.storyboard; name = Base; path = Base.lproj/Main.storyboard; sourceTree = "<group>"; };
		EE3264EA204E0A4D009ABDEF /* Assets.xcassets */ = {isa = PBXFileReference; lastKnownFileType = folder.assetcatalog; path = Assets.xcassets; sourceTree = "<group>"; };
		EE3264ED204E0A4D009ABDEF /* Base */ = {isa = PBXFileReference; lastKnownFileType = file.storyboard; name = Base; path = Base.lproj/LaunchScreen.storyboard; sourceTree = "<group>"; };
		EE3264EF204E0A4D009ABDEF /* Info.plist */ = {isa = PBXFileReference; lastKnownFileType = text.plist.xml; path = Info.plist; sourceTree = "<group>"; };
		EE3264F4204E0A4D009ABDEF /* 20180305-RajPachaiyappan-NYCSchoolsTests.xctest */ = {isa = PBXFileReference; explicitFileType = wrapper.cfbundle; includeInIndex = 0; path = "20180305-RajPachaiyappan-NYCSchoolsTests.xctest"; sourceTree = BUILT_PRODUCTS_DIR; };
		EE3264F8204E0A4D009ABDEF /* _0180305_RajPachaiyappan_NYCSchoolsTests.swift */ = {isa = PBXFileReference; lastKnownFileType = sourcecode.swift; path = _0180305_RajPachaiyappan_NYCSchoolsTests.swift; sourceTree = "<group>"; };
		EE3264FA204E0A4D009ABDEF /* Info.plist */ = {isa = PBXFileReference; lastKnownFileType = text.plist.xml; path = Info.plist; sourceTree = "<group>"; };
		EE3264FF204E0A4D009ABDEF /* 20180305-RajPachaiyappan-NYCSchoolsUITests.xctest */ = {isa = PBXFileReference; explicitFileType = wrapper.cfbundle; includeInIndex = 0; path = "20180305-RajPachaiyappan-NYCSchoolsUITests.xctest"; sourceTree = BUILT_PRODUCTS_DIR; };
		EE326503204E0A4D009ABDEF /* _0180305_RajPachaiyappan_NYCSchoolsUITests.swift */ = {isa = PBXFileReference; lastKnownFileType = sourcecode.swift; path = _0180305_RajPachaiyappan_NYCSchoolsUITests.swift; sourceTree = "<group>"; };
		EE326505204E0A4D009ABDEF /* Info.plist */ = {isa = PBXFileReference; lastKnownFileType = text.plist.xml; path = Info.plist; sourceTree = "<group>"; };
		EEE1FEAC204F25A0005415C5 /* AppConstants.swift */ = {isa = PBXFileReference; fileEncoding = 4; lastKnownFileType = sourcecode.swift; name = AppConstants.swift; path = Constants/AppConstants.swift; sourceTree = "<group>"; };
		EEE1FEAE204F25AD005415C5 /* SchoolDetailsViewController.swift */ = {isa = PBXFileReference; fileEncoding = 4; lastKnownFileType = sourcecode.swift; name = SchoolDetailsViewController.swift; path = ViewControllers/SchoolDetailsViewController.swift; sourceTree = "<group>"; };
		EEE1FEAF204F25AD005415C5 /* NYCSchoolsTableViewController.swift */ = {isa = PBXFileReference; fileEncoding = 4; lastKnownFileType = sourcecode.swift; name = NYCSchoolsTableViewController.swift; path = ViewControllers/NYCSchoolsTableViewController.swift; sourceTree = "<group>"; };
		EEE1FEB2204F25BA005415C5 /* SchoolCellTableViewCell.swift */ = {isa = PBXFileReference; fileEncoding = 4; lastKnownFileType = sourcecode.swift; name = SchoolCellTableViewCell.swift; path = Cells/SchoolCellTableViewCell.swift; sourceTree = "<group>"; };
		EEE1FEB3204F25BA005415C5 /* ScoreCollectionViewCell.swift */ = {isa = PBXFileReference; fileEncoding = 4; lastKnownFileType = sourcecode.swift; name = ScoreCollectionViewCell.swift; path = Cells/ScoreCollectionViewCell.swift; sourceTree = "<group>"; };
		EEE1FEBC204F260F005415C5 /* SchoolDetails.swift */ = {isa = PBXFileReference; fileEncoding = 4; lastKnownFileType = sourcecode.swift; name = SchoolDetails.swift; path = Models/SchoolDetails.swift; sourceTree = "<group>"; };
		EEE1FEBD204F260F005415C5 /* Schools.swift */ = {isa = PBXFileReference; fileEncoding = 4; lastKnownFileType = sourcecode.swift; name = Schools.swift; path = Models/Schools.swift; sourceTree = "<group>"; };
		EEE1FEC1204F3AD8005415C5 /* CustomActivityIndicator.swift */ = {isa = PBXFileReference; fileEncoding = 4; lastKnownFileType = sourcecode.swift; name = CustomActivityIndicator.swift; path = "20180305-RajPachaiyappan-NYCSchools/CustomControls/CustomActivityIndicator.swift"; sourceTree = SOURCE_ROOT; };
		EEE1FEC4204F3B08005415C5 /* AppUtils.swift */ = {isa = PBXFileReference; fileEncoding = 4; lastKnownFileType = sourcecode.swift; name = AppUtils.swift; path = "20180305-RajPachaiyappan-NYCSchools/Utils/AppUtils.swift"; sourceTree = SOURCE_ROOT; };
		EEE1FEC8204F3B66005415C5 /* ServiceManager.swift */ = {isa = PBXFileReference; fileEncoding = 4; lastKnownFileType = sourcecode.swift; name = ServiceManager.swift; path = Managers/ServiceManager.swift; sourceTree = "<group>"; };
/* End PBXFileReference section */

/* Begin PBXFrameworksBuildPhase section */
		EE3264DD204E0A4D009ABDEF /* Frameworks */ = {
			isa = PBXFrameworksBuildPhase;
			buildActionMask = 2147483647;
			files = (
				6528DAA0EBBB8E065FA40227 /* Pods_20180305_RajPachaiyappan_NYCSchools.framework in Frameworks */,
			);
			runOnlyForDeploymentPostprocessing = 0;
		};
		EE3264F1204E0A4D009ABDEF /* Frameworks */ = {
			isa = PBXFrameworksBuildPhase;
			buildActionMask = 2147483647;
			files = (
				B2757B78E62B41E6DCB352FB /* Pods_20180305_RajPachaiyappan_NYCSchoolsTests.framework in Frameworks */,
			);
			runOnlyForDeploymentPostprocessing = 0;
		};
		EE3264FC204E0A4D009ABDEF /* Frameworks */ = {
			isa = PBXFrameworksBuildPhase;
			buildActionMask = 2147483647;
			files = (
				F224212CAB11240EBAC2A712 /* Pods_20180305_RajPachaiyappan_NYCSchoolsUITests.framework in Frameworks */,
			);
			runOnlyForDeploymentPostprocessing = 0;
		};
/* End PBXFrameworksBuildPhase section */

/* Begin PBXGroup section */
		0B62142297E11C63410D09CB /* Frameworks */ = {
			isa = PBXGroup;
			children = (
				3627A01687584BE5B7149CFD /* Pods_20180305_RajPachaiyappan_NYCSchools.framework */,
				D70BECE9D3D4580E440794B0 /* Pods_20180305_RajPachaiyappan_NYCSchoolsTests.framework */,
				83607445AFD01C070C69A2E1 /* Pods_20180305_RajPachaiyappan_NYCSchoolsUITests.framework */,
			);
			name = Frameworks;
			sourceTree = "<group>";
		};
		8B974742D5F62A393BF79254 /* Pods */ = {
			isa = PBXGroup;
			children = (
				0A3FC52F71E451C98541CE06 /* Pods-20180305-RajPachaiyappan-NYCSchools.debug.xcconfig */,
				D27F73BA66295E5FDE9DEF1C /* Pods-20180305-RajPachaiyappan-NYCSchools.release.xcconfig */,
				4E4CD1CA8045BE8E0268F3F9 /* Pods-20180305-RajPachaiyappan-NYCSchoolsTests.debug.xcconfig */,
				2414105103BE8840A6324FB2 /* Pods-20180305-RajPachaiyappan-NYCSchoolsTests.release.xcconfig */,
				8AB8195C8D6F1720AB6C3E86 /* Pods-20180305-RajPachaiyappan-NYCSchoolsUITests.debug.xcconfig */,
				B59346DBC3595602A4689439 /* Pods-20180305-RajPachaiyappan-NYCSchoolsUITests.release.xcconfig */,
			);
			name = Pods;
			sourceTree = "<group>";
		};
		EE3264D7204E0A4D009ABDEF = {
			isa = PBXGroup;
			children = (
				EE3264E2204E0A4D009ABDEF /* 20180305-RajPachaiyappan-NYCSchools */,
				EE3264F7204E0A4D009ABDEF /* 20180305-RajPachaiyappan-NYCSchoolsTests */,
				EE326502204E0A4D009ABDEF /* 20180305-RajPachaiyappan-NYCSchoolsUITests */,
				EE3264E1204E0A4D009ABDEF /* Products */,
				8B974742D5F62A393BF79254 /* Pods */,
				0B62142297E11C63410D09CB /* Frameworks */,
			);
			sourceTree = "<group>";
		};
		EE3264E1204E0A4D009ABDEF /* Products */ = {
			isa = PBXGroup;
			children = (
				EE3264E0204E0A4D009ABDEF /* 20180305-RajPachaiyappan-NYCSchools.app */,
				EE3264F4204E0A4D009ABDEF /* 20180305-RajPachaiyappan-NYCSchoolsTests.xctest */,
				EE3264FF204E0A4D009ABDEF /* 20180305-RajPachaiyappan-NYCSchoolsUITests.xctest */,
			);
			name = Products;
			sourceTree = "<group>";
		};
		EE3264E2204E0A4D009ABDEF /* 20180305-RajPachaiyappan-NYCSchools */ = {
			isa = PBXGroup;
			children = (
				EEE1FEC7204F3B5B005415C5 /* Manager */,
				EEE1FEC3204F3AF4005415C5 /* Utils */,
				EEE1FEC0204F3AC0005415C5 /* CustomControls */,
				EEE1FEAA204F255E005415C5 /* ViewControllers */,
				EEE1FEAB204F257F005415C5 /* Constants */,
				EEE1FEA9204F2553005415C5 /* Cells */,
				EEE1FEA5204F24FB005415C5 /* Models */,
				EE3264E3204E0A4D009ABDEF /* AppDelegate.swift */,
				EE3264E7204E0A4D009ABDEF /* Main.storyboard */,
				EE3264EA204E0A4D009ABDEF /* Assets.xcassets */,
				EE3264EC204E0A4D009ABDEF /* LaunchScreen.storyboard */,
				EE3264EF204E0A4D009ABDEF /* Info.plist */,
			);
			path = "20180305-RajPachaiyappan-NYCSchools";
			sourceTree = "<group>";
		};
		EE3264F7204E0A4D009ABDEF /* 20180305-RajPachaiyappan-NYCSchoolsTests */ = {
			isa = PBXGroup;
			children = (
				EE3264F8204E0A4D009ABDEF /* _0180305_RajPachaiyappan_NYCSchoolsTests.swift */,
				EE3264FA204E0A4D009ABDEF /* Info.plist */,
			);
			path = "20180305-RajPachaiyappan-NYCSchoolsTests";
			sourceTree = "<group>";
		};
		EE326502204E0A4D009ABDEF /* 20180305-RajPachaiyappan-NYCSchoolsUITests */ = {
			isa = PBXGroup;
			children = (
				EE326503204E0A4D009ABDEF /* _0180305_RajPachaiyappan_NYCSchoolsUITests.swift */,
				EE326505204E0A4D009ABDEF /* Info.plist */,
			);
			path = "20180305-RajPachaiyappan-NYCSchoolsUITests";
			sourceTree = "<group>";
		};
		EEE1FEA5204F24FB005415C5 /* Models */ = {
			isa = PBXGroup;
			children = (
				EEE1FEBC204F260F005415C5 /* SchoolDetails.swift */,
				EEE1FEBD204F260F005415C5 /* Schools.swift */,
			);
			name = Models;
			sourceTree = "<group>";
		};
		EEE1FEA9204F2553005415C5 /* Cells */ = {
			isa = PBXGroup;
			children = (
				EEE1FEB2204F25BA005415C5 /* SchoolCellTableViewCell.swift */,
				EEE1FEB3204F25BA005415C5 /* ScoreCollectionViewCell.swift */,
			);
			name = Cells;
			sourceTree = "<group>";
		};
		EEE1FEAA204F255E005415C5 /* ViewControllers */ = {
			isa = PBXGroup;
			children = (
				EEE1FEAF204F25AD005415C5 /* NYCSchoolsTableViewController.swift */,
				EEE1FEAE204F25AD005415C5 /* SchoolDetailsViewController.swift */,
			);
			name = ViewControllers;
			sourceTree = "<group>";
		};
		EEE1FEAB204F257F005415C5 /* Constants */ = {
			isa = PBXGroup;
			children = (
				EEE1FEAC204F25A0005415C5 /* AppConstants.swift */,
			);
			name = Constants;
			sourceTree = "<group>";
		};
		EEE1FEC0204F3AC0005415C5 /* CustomControls */ = {
			isa = PBXGroup;
			children = (
				EEE1FEC1204F3AD8005415C5 /* CustomActivityIndicator.swift */,
			);
			name = CustomControls;
			path = "New Group";
			sourceTree = "<group>";
		};
		EEE1FEC3204F3AF4005415C5 /* Utils */ = {
			isa = PBXGroup;
			children = (
				EEE1FEC4204F3B08005415C5 /* AppUtils.swift */,
			);
			name = Utils;
			path = "New Group1";
			sourceTree = "<group>";
		};
		EEE1FEC7204F3B5B005415C5 /* Manager */ = {
			isa = PBXGroup;
			children = (
				EEE1FEC8204F3B66005415C5 /* ServiceManager.swift */,
			);
			name = Manager;
			sourceTree = "<group>";
		};
/* End PBXGroup section */

/* Begin PBXNativeTarget section */
		EE3264DF204E0A4D009ABDEF /* 20180305-RajPachaiyappan-NYCSchools */ = {
			isa = PBXNativeTarget;
			buildConfigurationList = EE326508204E0A4D009ABDEF /* Build configuration list for PBXNativeTarget "20180305-RajPachaiyappan-NYCSchools" */;
			buildPhases = (
				53EBD8F0EC48451E43E017BC /* [CP] Check Pods Manifest.lock */,
				EE3264DC204E0A4D009ABDEF /* Sources */,
				EE3264DD204E0A4D009ABDEF /* Frameworks */,
				EE3264DE204E0A4D009ABDEF /* Resources */,
				BE3340FF2DE44E5254BB7483 /* [CP] Embed Pods Frameworks */,
				1A612AA54196979A0501035D /* [CP] Copy Pods Resources */,
			);
			buildRules = (
			);
			dependencies = (
			);
			name = "20180305-RajPachaiyappan-NYCSchools";
			productName = "20180305-RajPachaiyappan-NYCSchools";
			productReference = EE3264E0204E0A4D009ABDEF /* 20180305-RajPachaiyappan-NYCSchools.app */;
			productType = "com.apple.product-type.application";
		};
		EE3264F3204E0A4D009ABDEF /* 20180305-RajPachaiyappan-NYCSchoolsTests */ = {
			isa = PBXNativeTarget;
			buildConfigurationList = EE32650B204E0A4D009ABDEF /* Build configuration list for PBXNativeTarget "20180305-RajPachaiyappan-NYCSchoolsTests" */;
			buildPhases = (
				D52673A21654F3B8B065BDE2 /* [CP] Check Pods Manifest.lock */,
				EE3264F0204E0A4D009ABDEF /* Sources */,
				EE3264F1204E0A4D009ABDEF /* Frameworks */,
				EE3264F2204E0A4D009ABDEF /* Resources */,
				FE584CA187537E5279034C05 /* [CP] Embed Pods Frameworks */,
				5DDF4CAE311113009929F43A /* [CP] Copy Pods Resources */,
			);
			buildRules = (
			);
			dependencies = (
				EE3264F6204E0A4D009ABDEF /* PBXTargetDependency */,
			);
			name = "20180305-RajPachaiyappan-NYCSchoolsTests";
			productName = "20180305-RajPachaiyappan-NYCSchoolsTests";
			productReference = EE3264F4204E0A4D009ABDEF /* 20180305-RajPachaiyappan-NYCSchoolsTests.xctest */;
			productType = "com.apple.product-type.bundle.unit-test";
		};
		EE3264FE204E0A4D009ABDEF /* 20180305-RajPachaiyappan-NYCSchoolsUITests */ = {
			isa = PBXNativeTarget;
			buildConfigurationList = EE32650E204E0A4D009ABDEF /* Build configuration list for PBXNativeTarget "20180305-RajPachaiyappan-NYCSchoolsUITests" */;
			buildPhases = (
				A8D6BE32FCA9E5E5878F5A2E /* [CP] Check Pods Manifest.lock */,
				EE3264FB204E0A4D009ABDEF /* Sources */,
				EE3264FC204E0A4D009ABDEF /* Frameworks */,
				EE3264FD204E0A4D009ABDEF /* Resources */,
				A5478D8A08F43F4A16099FC4 /* [CP] Embed Pods Frameworks */,
				91E699D6633F8050A5BEE14E /* [CP] Copy Pods Resources */,
			);
			buildRules = (
			);
			dependencies = (
				EE326501204E0A4D009ABDEF /* PBXTargetDependency */,
			);
			name = "20180305-RajPachaiyappan-NYCSchoolsUITests";
			productName = "20180305-RajPachaiyappan-NYCSchoolsUITests";
			productReference = EE3264FF204E0A4D009ABDEF /* 20180305-RajPachaiyappan-NYCSchoolsUITests.xctest */;
			productType = "com.apple.product-type.bundle.ui-testing";
		};
/* End PBXNativeTarget section */

/* Begin PBXProject section */
		EE3264D8204E0A4D009ABDEF /* Project object */ = {
			isa = PBXProject;
			attributes = {
				LastSwiftUpdateCheck = 0920;
				LastUpgradeCheck = 0920;
				ORGANIZATIONNAME = "Rajkumar Pachaiyappan";
				TargetAttributes = {
					EE3264DF204E0A4D009ABDEF = {
						CreatedOnToolsVersion = 9.2;
						ProvisioningStyle = Automatic;
					};
					EE3264F3204E0A4D009ABDEF = {
						CreatedOnToolsVersion = 9.2;
						ProvisioningStyle = Automatic;
						TestTargetID = EE3264DF204E0A4D009ABDEF;
					};
					EE3264FE204E0A4D009ABDEF = {
						CreatedOnToolsVersion = 9.2;
						ProvisioningStyle = Automatic;
						TestTargetID = EE3264DF204E0A4D009ABDEF;
					};
				};
			};
			buildConfigurationList = EE3264DB204E0A4D009ABDEF /* Build configuration list for PBXProject "20180305-RajPachaiyappan-NYCSchools" */;
			compatibilityVersion = "Xcode 8.0";
			developmentRegion = en;
			hasScannedForEncodings = 0;
			knownRegions = (
				en,
				Base,
			);
			mainGroup = EE3264D7204E0A4D009ABDEF;
			productRefGroup = EE3264E1204E0A4D009ABDEF /* Products */;
			projectDirPath = "";
			projectRoot = "";
			targets = (
				EE3264DF204E0A4D009ABDEF /* 20180305-RajPachaiyappan-NYCSchools */,
				EE3264F3204E0A4D009ABDEF /* 20180305-RajPachaiyappan-NYCSchoolsTests */,
				EE3264FE204E0A4D009ABDEF /* 20180305-RajPachaiyappan-NYCSchoolsUITests */,
			);
		};
/* End PBXProject section */

/* Begin PBXResourcesBuildPhase section */
		EE3264DE204E0A4D009ABDEF /* Resources */ = {
			isa = PBXResourcesBuildPhase;
			buildActionMask = 2147483647;
			files = (
				EE3264EE204E0A4D009ABDEF /* LaunchScreen.storyboard in Resources */,
				EE3264EB204E0A4D009ABDEF /* Assets.xcassets in Resources */,
				EE3264E9204E0A4D009ABDEF /* Main.storyboard in Resources */,
			);
			runOnlyForDeploymentPostprocessing = 0;
		};
		EE3264F2204E0A4D009ABDEF /* Resources */ = {
			isa = PBXResourcesBuildPhase;
			buildActionMask = 2147483647;
			files = (
			);
			runOnlyForDeploymentPostprocessing = 0;
		};
		EE3264FD204E0A4D009ABDEF /* Resources */ = {
			isa = PBXResourcesBuildPhase;
			buildActionMask = 2147483647;
			files = (
			);
			runOnlyForDeploymentPostprocessing = 0;
		};
/* End PBXResourcesBuildPhase section */

/* Begin PBXShellScriptBuildPhase section */
		1A612AA54196979A0501035D /* [CP] Copy Pods Resources */ = {
			isa = PBXShellScriptBuildPhase;
			buildActionMask = 2147483647;
			files = (
			);
			inputPaths = (
			);
			name = "[CP] Copy Pods Resources";
			outputPaths = (
			);
			runOnlyForDeploymentPostprocessing = 0;
			shellPath = /bin/sh;
			shellScript = "\"${SRCROOT}/Pods/Target Support Files/Pods-20180305-RajPachaiyappan-NYCSchools/Pods-20180305-RajPachaiyappan-NYCSchools-resources.sh\"\n";
			showEnvVarsInLog = 0;
		};
		53EBD8F0EC48451E43E017BC /* [CP] Check Pods Manifest.lock */ = {
			isa = PBXShellScriptBuildPhase;
			buildActionMask = 2147483647;
			files = (
			);
			inputPaths = (
				"${PODS_PODFILE_DIR_PATH}/Podfile.lock",
				"${PODS_ROOT}/Manifest.lock",
			);
			name = "[CP] Check Pods Manifest.lock";
			outputPaths = (
				"$(DERIVED_FILE_DIR)/Pods-20180305-RajPachaiyappan-NYCSchools-checkManifestLockResult.txt",
			);
			runOnlyForDeploymentPostprocessing = 0;
			shellPath = /bin/sh;
			shellScript = "diff \"${PODS_PODFILE_DIR_PATH}/Podfile.lock\" \"${PODS_ROOT}/Manifest.lock\" > /dev/null\nif [ $? != 0 ] ; then\n    # print error to STDERR\n    echo \"error: The sandbox is not in sync with the Podfile.lock. Run 'pod install' or update your CocoaPods installation.\" >&2\n    exit 1\nfi\n# This output is used by Xcode 'outputs' to avoid re-running this script phase.\necho \"SUCCESS\" > \"${SCRIPT_OUTPUT_FILE_0}\"\n";
			showEnvVarsInLog = 0;
		};
		5DDF4CAE311113009929F43A /* [CP] Copy Pods Resources */ = {
			isa = PBXShellScriptBuildPhase;
			buildActionMask = 2147483647;
			files = (
			);
			inputPaths = (
			);
			name = "[CP] Copy Pods Resources";
			outputPaths = (
			);
			runOnlyForDeploymentPostprocessing = 0;
			shellPath = /bin/sh;
			shellScript = "\"${SRCROOT}/Pods/Target Support Files/Pods-20180305-RajPachaiyappan-NYCSchoolsTests/Pods-20180305-RajPachaiyappan-NYCSchoolsTests-resources.sh\"\n";
			showEnvVarsInLog = 0;
		};
		91E699D6633F8050A5BEE14E /* [CP] Copy Pods Resources */ = {
			isa = PBXShellScriptBuildPhase;
			buildActionMask = 2147483647;
			files = (
			);
			inputPaths = (
			);
			name = "[CP] Copy Pods Resources";
			outputPaths = (
			);
			runOnlyForDeploymentPostprocessing = 0;
			shellPath = /bin/sh;
			shellScript = "\"${SRCROOT}/Pods/Target Support Files/Pods-20180305-RajPachaiyappan-NYCSchoolsUITests/Pods-20180305-RajPachaiyappan-NYCSchoolsUITests-resources.sh\"\n";
			showEnvVarsInLog = 0;
		};
		A5478D8A08F43F4A16099FC4 /* [CP] Embed Pods Frameworks */ = {
			isa = PBXShellScriptBuildPhase;
			buildActionMask = 2147483647;
			files = (
			);
			inputPaths = (
			);
			name = "[CP] Embed Pods Frameworks";
			outputPaths = (
			);
			runOnlyForDeploymentPostprocessing = 0;
			shellPath = /bin/sh;
			shellScript = "\"${SRCROOT}/Pods/Target Support Files/Pods-20180305-RajPachaiyappan-NYCSchoolsUITests/Pods-20180305-RajPachaiyappan-NYCSchoolsUITests-frameworks.sh\"\n";
			showEnvVarsInLog = 0;
		};
		A8D6BE32FCA9E5E5878F5A2E /* [CP] Check Pods Manifest.lock */ = {
			isa = PBXShellScriptBuildPhase;
			buildActionMask = 2147483647;
			files = (
			);
			inputPaths = (
				"${PODS_PODFILE_DIR_PATH}/Podfile.lock",
				"${PODS_ROOT}/Manifest.lock",
			);
			name = "[CP] Check Pods Manifest.lock";
			outputPaths = (
				"$(DERIVED_FILE_DIR)/Pods-20180305-RajPachaiyappan-NYCSchoolsUITests-checkManifestLockResult.txt",
			);
			runOnlyForDeploymentPostprocessing = 0;
			shellPath = /bin/sh;
			shellScript = "diff \"${PODS_PODFILE_DIR_PATH}/Podfile.lock\" \"${PODS_ROOT}/Manifest.lock\" > /dev/null\nif [ $? != 0 ] ; then\n    # print error to STDERR\n    echo \"error: The sandbox is not in sync with the Podfile.lock. Run 'pod install' or update your CocoaPods installation.\" >&2\n    exit 1\nfi\n# This output is used by Xcode 'outputs' to avoid re-running this script phase.\necho \"SUCCESS\" > \"${SCRIPT_OUTPUT_FILE_0}\"\n";
			showEnvVarsInLog = 0;
		};
		BE3340FF2DE44E5254BB7483 /* [CP] Embed Pods Frameworks */ = {
			isa = PBXShellScriptBuildPhase;
			buildActionMask = 2147483647;
			files = (
			);
			inputPaths = (
				"${SRCROOT}/Pods/Target Support Files/Pods-20180305-RajPachaiyappan-NYCSchools/Pods-20180305-RajPachaiyappan-NYCSchools-frameworks.sh",
				"${BUILT_PRODUCTS_DIR}/Alamofire/Alamofire.framework",
			);
			name = "[CP] Embed Pods Frameworks";
			outputPaths = (
				"${TARGET_BUILD_DIR}/${FRAMEWORKS_FOLDER_PATH}/Alamofire.framework",
			);
			runOnlyForDeploymentPostprocessing = 0;
			shellPath = /bin/sh;
			shellScript = "\"${SRCROOT}/Pods/Target Support Files/Pods-20180305-RajPachaiyappan-NYCSchools/Pods-20180305-RajPachaiyappan-NYCSchools-frameworks.sh\"\n";
			showEnvVarsInLog = 0;
		};
		D52673A21654F3B8B065BDE2 /* [CP] Check Pods Manifest.lock */ = {
			isa = PBXShellScriptBuildPhase;
			buildActionMask = 2147483647;
			files = (
			);
			inputPaths = (
				"${PODS_PODFILE_DIR_PATH}/Podfile.lock",
				"${PODS_ROOT}/Manifest.lock",
			);
			name = "[CP] Check Pods Manifest.lock";
			outputPaths = (
				"$(DERIVED_FILE_DIR)/Pods-20180305-RajPachaiyappan-NYCSchoolsTests-checkManifestLockResult.txt",
			);
			runOnlyForDeploymentPostprocessing = 0;
			shellPath = /bin/sh;
			shellScript = "diff \"${PODS_PODFILE_DIR_PATH}/Podfile.lock\" \"${PODS_ROOT}/Manifest.lock\" > /dev/null\nif [ $? != 0 ] ; then\n    # print error to STDERR\n    echo \"error: The sandbox is not in sync with the Podfile.lock. Run 'pod install' or update your CocoaPods installation.\" >&2\n    exit 1\nfi\n# This output is used by Xcode 'outputs' to avoid re-running this script phase.\necho \"SUCCESS\" > \"${SCRIPT_OUTPUT_FILE_0}\"\n";
			showEnvVarsInLog = 0;
		};
		FE584CA187537E5279034C05 /* [CP] Embed Pods Frameworks */ = {
			isa = PBXShellScriptBuildPhase;
			buildActionMask = 2147483647;
			files = (
			);
			inputPaths = (
			);
			name = "[CP] Embed Pods Frameworks";
			outputPaths = (
			);
			runOnlyForDeploymentPostprocessing = 0;
			shellPath = /bin/sh;
			shellScript = "\"${SRCROOT}/Pods/Target Support Files/Pods-20180305-RajPachaiyappan-NYCSchoolsTests/Pods-20180305-RajPachaiyappan-NYCSchoolsTests-frameworks.sh\"\n";
			showEnvVarsInLog = 0;
		};
/* End PBXShellScriptBuildPhase section */

/* Begin PBXSourcesBuildPhase section */
		EE3264DC204E0A4D009ABDEF /* Sources */ = {
			isa = PBXSourcesBuildPhase;
			buildActionMask = 2147483647;
			files = (
				EEE1FEC9204F3B67005415C5 /* ServiceManager.swift in Sources */,
				EE3264E4204E0A4D009ABDEF /* AppDelegate.swift in Sources */,
				EEE1FEB4204F25BA005415C5 /* SchoolCellTableViewCell.swift in Sources */,
				EEE1FEB0204F25AE005415C5 /* SchoolDetailsViewController.swift in Sources */,
				EEE1FEB1204F25AE005415C5 /* NYCSchoolsTableViewController.swift in Sources */,
				EEE1FEAD204F25A0005415C5 /* AppConstants.swift in Sources */,
				EEE1FEC5204F3B08005415C5 /* AppUtils.swift in Sources */,
				EEE1FEC2204F3AD8005415C5 /* CustomActivityIndicator.swift in Sources */,
				EEE1FEBF204F2610005415C5 /* Schools.swift in Sources */,
				EEE1FEBE204F2610005415C5 /* SchoolDetails.swift in Sources */,
				EEE1FEB5204F25BA005415C5 /* ScoreCollectionViewCell.swift in Sources */,
			);
			runOnlyForDeploymentPostprocessing = 0;
		};
		EE3264F0204E0A4D009ABDEF /* Sources */ = {
			isa = PBXSourcesBuildPhase;
			buildActionMask = 2147483647;
			files = (
				EE3264F9204E0A4D009ABDEF /* _0180305_RajPachaiyappan_NYCSchoolsTests.swift in Sources */,
			);
			runOnlyForDeploymentPostprocessing = 0;
		};
		EE3264FB204E0A4D009ABDEF /* Sources */ = {
			isa = PBXSourcesBuildPhase;
			buildActionMask = 2147483647;
			files = (
				EE326504204E0A4D009ABDEF /* _0180305_RajPachaiyappan_NYCSchoolsUITests.swift in Sources */,
			);
			runOnlyForDeploymentPostprocessing = 0;
		};
/* End PBXSourcesBuildPhase section */

/* Begin PBXTargetDependency section */
		EE3264F6204E0A4D009ABDEF /* PBXTargetDependency */ = {
			isa = PBXTargetDependency;
			target = EE3264DF204E0A4D009ABDEF /* 20180305-RajPachaiyappan-NYCSchools */;
			targetProxy = EE3264F5204E0A4D009ABDEF /* PBXContainerItemProxy */;
		};
		EE326501204E0A4D009ABDEF /* PBXTargetDependency */ = {
			isa = PBXTargetDependency;
			target = EE3264DF204E0A4D009ABDEF /* 20180305-RajPachaiyappan-NYCSchools */;
			targetProxy = EE326500204E0A4D009ABDEF /* PBXContainerItemProxy */;
		};
/* End PBXTargetDependency section */

/* Begin PBXVariantGroup section */
		EE3264E7204E0A4D009ABDEF /* Main.storyboard */ = {
			isa = PBXVariantGroup;
			children = (
				EE3264E8204E0A4D009ABDEF /* Base */,
			);
			name = Main.storyboard;
			sourceTree = "<group>";
		};
		EE3264EC204E0A4D009ABDEF /* LaunchScreen.storyboard */ = {
			isa = PBXVariantGroup;
			children = (
				EE3264ED204E0A4D009ABDEF /* Base */,
			);
			name = LaunchScreen.storyboard;
			sourceTree = "<group>";
		};
/* End PBXVariantGroup section */

/* Begin XCBuildConfiguration section */
		EE326506204E0A4D009ABDEF /* Debug */ = {
			isa = XCBuildConfiguration;
			buildSettings = {
				ALWAYS_SEARCH_USER_PATHS = NO;
				CLANG_ANALYZER_NONNULL = YES;
				CLANG_ANALYZER_NUMBER_OBJECT_CONVERSION = YES_AGGRESSIVE;
				CLANG_CXX_LANGUAGE_STANDARD = "gnu++14";
				CLANG_CXX_LIBRARY = "libc++";
				CLANG_ENABLE_MODULES = YES;
				CLANG_ENABLE_OBJC_ARC = YES;
				CLANG_WARN_BLOCK_CAPTURE_AUTORELEASING = YES;
				CLANG_WARN_BOOL_CONVERSION = YES;
				CLANG_WARN_COMMA = YES;
				CLANG_WARN_CONSTANT_CONVERSION = YES;
				CLANG_WARN_DIRECT_OBJC_ISA_USAGE = YES_ERROR;
				CLANG_WARN_DOCUMENTATION_COMMENTS = YES;
				CLANG_WARN_EMPTY_BODY = YES;
				CLANG_WARN_ENUM_CONVERSION = YES;
				CLANG_WARN_INFINITE_RECURSION = YES;
				CLANG_WARN_INT_CONVERSION = YES;
				CLANG_WARN_NON_LITERAL_NULL_CONVERSION = YES;
				CLANG_WARN_OBJC_LITERAL_CONVERSION = YES;
				CLANG_WARN_OBJC_ROOT_CLASS = YES_ERROR;
				CLANG_WARN_RANGE_LOOP_ANALYSIS = YES;
				CLANG_WARN_STRICT_PROTOTYPES = YES;
				CLANG_WARN_SUSPICIOUS_MOVE = YES;
				CLANG_WARN_UNGUARDED_AVAILABILITY = YES_AGGRESSIVE;
				CLANG_WARN_UNREACHABLE_CODE = YES;
				CLANG_WARN__DUPLICATE_METHOD_MATCH = YES;
				CODE_SIGN_IDENTITY = "iPhone Developer";
				COPY_PHASE_STRIP = NO;
				DEBUG_INFORMATION_FORMAT = dwarf;
				ENABLE_STRICT_OBJC_MSGSEND = YES;
				ENABLE_TESTABILITY = YES;
				GCC_C_LANGUAGE_STANDARD = gnu11;
				GCC_DYNAMIC_NO_PIC = NO;
				GCC_NO_COMMON_BLOCKS = YES;
				GCC_OPTIMIZATION_LEVEL = 0;
				GCC_PREPROCESSOR_DEFINITIONS = (
					"DEBUG=1",
					"$(inherited)",
				);
				GCC_WARN_64_TO_32_BIT_CONVERSION = YES;
				GCC_WARN_ABOUT_RETURN_TYPE = YES_ERROR;
				GCC_WARN_UNDECLARED_SELECTOR = YES;
				GCC_WARN_UNINITIALIZED_AUTOS = YES_AGGRESSIVE;
				GCC_WARN_UNUSED_FUNCTION = YES;
				GCC_WARN_UNUSED_VARIABLE = YES;
				IPHONEOS_DEPLOYMENT_TARGET = 11.2;
				MTL_ENABLE_DEBUG_INFO = YES;
				ONLY_ACTIVE_ARCH = YES;
				SDKROOT = iphoneos;
				SWIFT_ACTIVE_COMPILATION_CONDITIONS = DEBUG;
				SWIFT_OPTIMIZATION_LEVEL = "-Onone";
			};
			name = Debug;
		};
		EE326507204E0A4D009ABDEF /* Release */ = {
			isa = XCBuildConfiguration;
			buildSettings = {
				ALWAYS_SEARCH_USER_PATHS = NO;
				CLANG_ANALYZER_NONNULL = YES;
				CLANG_ANALYZER_NUMBER_OBJECT_CONVERSION = YES_AGGRESSIVE;
				CLANG_CXX_LANGUAGE_STANDARD = "gnu++14";
				CLANG_CXX_LIBRARY = "libc++";
				CLANG_ENABLE_MODULES = YES;
				CLANG_ENABLE_OBJC_ARC = YES;
				CLANG_WARN_BLOCK_CAPTURE_AUTORELEASING = YES;
				CLANG_WARN_BOOL_CONVERSION = YES;
				CLANG_WARN_COMMA = YES;
				CLANG_WARN_CONSTANT_CONVERSION = YES;
				CLANG_WARN_DIRECT_OBJC_ISA_USAGE = YES_ERROR;
				CLANG_WARN_DOCUMENTATION_COMMENTS = YES;
				CLANG_WARN_EMPTY_BODY = YES;
				CLANG_WARN_ENUM_CONVERSION = YES;
				CLANG_WARN_INFINITE_RECURSION = YES;
				CLANG_WARN_INT_CONVERSION = YES;
				CLANG_WARN_NON_LITERAL_NULL_CONVERSION = YES;
				CLANG_WARN_OBJC_LITERAL_CONVERSION = YES;
				CLANG_WARN_OBJC_ROOT_CLASS = YES_ERROR;
				CLANG_WARN_RANGE_LOOP_ANALYSIS = YES;
				CLANG_WARN_STRICT_PROTOTYPES = YES;
				CLANG_WARN_SUSPICIOUS_MOVE = YES;
				CLANG_WARN_UNGUARDED_AVAILABILITY = YES_AGGRESSIVE;
				CLANG_WARN_UNREACHABLE_CODE = YES;
				CLANG_WARN__DUPLICATE_METHOD_MATCH = YES;
				CODE_SIGN_IDENTITY = "iPhone Developer";
				COPY_PHASE_STRIP = NO;
				DEBUG_INFORMATION_FORMAT = "dwarf-with-dsym";
				ENABLE_NS_ASSERTIONS = NO;
				ENABLE_STRICT_OBJC_MSGSEND = YES;
				GCC_C_LANGUAGE_STANDARD = gnu11;
				GCC_NO_COMMON_BLOCKS = YES;
				GCC_WARN_64_TO_32_BIT_CONVERSION = YES;
				GCC_WARN_ABOUT_RETURN_TYPE = YES_ERROR;
				GCC_WARN_UNDECLARED_SELECTOR = YES;
				GCC_WARN_UNINITIALIZED_AUTOS = YES_AGGRESSIVE;
				GCC_WARN_UNUSED_FUNCTION = YES;
				GCC_WARN_UNUSED_VARIABLE = YES;
				IPHONEOS_DEPLOYMENT_TARGET = 11.2;
				MTL_ENABLE_DEBUG_INFO = NO;
				SDKROOT = iphoneos;
				SWIFT_OPTIMIZATION_LEVEL = "-Owholemodule";
				VALIDATE_PRODUCT = YES;
			};
			name = Release;
		};
		EE326509204E0A4D009ABDEF /* Debug */ = {
			isa = XCBuildConfiguration;
			baseConfigurationReference = 0A3FC52F71E451C98541CE06 /* Pods-20180305-RajPachaiyappan-NYCSchools.debug.xcconfig */;
			buildSettings = {
				ASSETCATALOG_COMPILER_APPICON_NAME = AppIcon;
				CODE_SIGN_STYLE = Automatic;
				INFOPLIST_FILE = "20180305-RajPachaiyappan-NYCSchools/Info.plist";
				LD_RUNPATH_SEARCH_PATHS = "$(inherited) @executable_path/Frameworks";
				PRODUCT_BUNDLE_IDENTIFIER = "com.tringapps.testframework.-0180305-RajPachaiyappan-NYCSchools";
				PRODUCT_NAME = "$(TARGET_NAME)";
				SWIFT_VERSION = 4.0;
				TARGETED_DEVICE_FAMILY = "1,2";
			};
			name = Debug;
		};
		EE32650A204E0A4D009ABDEF /* Release */ = {
			isa = XCBuildConfiguration;
			baseConfigurationReference = D27F73BA66295E5FDE9DEF1C /* Pods-20180305-RajPachaiyappan-NYCSchools.release.xcconfig */;
			buildSettings = {
				ASSETCATALOG_COMPILER_APPICON_NAME = AppIcon;
				CODE_SIGN_STYLE = Automatic;
				INFOPLIST_FILE = "20180305-RajPachaiyappan-NYCSchools/Info.plist";
				LD_RUNPATH_SEARCH_PATHS = "$(inherited) @executable_path/Frameworks";
				PRODUCT_BUNDLE_IDENTIFIER = "com.tringapps.testframework.-0180305-RajPachaiyappan-NYCSchools";
				PRODUCT_NAME = "$(TARGET_NAME)";
				SWIFT_VERSION = 4.0;
				TARGETED_DEVICE_FAMILY = "1,2";
			};
			name = Release;
		};
		EE32650C204E0A4D009ABDEF /* Debug */ = {
			isa = XCBuildConfiguration;
			baseConfigurationReference = 4E4CD1CA8045BE8E0268F3F9 /* Pods-20180305-RajPachaiyappan-NYCSchoolsTests.debug.xcconfig */;
			buildSettings = {
				ALWAYS_EMBED_SWIFT_STANDARD_LIBRARIES = YES;
				BUNDLE_LOADER = "$(TEST_HOST)";
				CODE_SIGN_STYLE = Automatic;
				INFOPLIST_FILE = "20180305-RajPachaiyappan-NYCSchoolsTests/Info.plist";
				LD_RUNPATH_SEARCH_PATHS = "$(inherited) @executable_path/Frameworks @loader_path/Frameworks";
				PRODUCT_BUNDLE_IDENTIFIER = "com.tringapps.testframework.-0180305-RajPachaiyappan-NYCSchoolsTests";
				PRODUCT_NAME = "$(TARGET_NAME)";
				SWIFT_VERSION = 4.0;
				TARGETED_DEVICE_FAMILY = "1,2";
				TEST_HOST = "$(BUILT_PRODUCTS_DIR)/20180305-RajPachaiyappan-NYCSchools.app/20180305-RajPachaiyappan-NYCSchools";
			};
			name = Debug;
		};
		EE32650D204E0A4D009ABDEF /* Release */ = {
			isa = XCBuildConfiguration;
			baseConfigurationReference = 2414105103BE8840A6324FB2 /* Pods-20180305-RajPachaiyappan-NYCSchoolsTests.release.xcconfig */;
			buildSettings = {
				ALWAYS_EMBED_SWIFT_STANDARD_LIBRARIES = YES;
				BUNDLE_LOADER = "$(TEST_HOST)";
				CODE_SIGN_STYLE = Automatic;
				INFOPLIST_FILE = "20180305-RajPachaiyappan-NYCSchoolsTests/Info.plist";
				LD_RUNPATH_SEARCH_PATHS = "$(inherited) @executable_path/Frameworks @loader_path/Frameworks";
				PRODUCT_BUNDLE_IDENTIFIER = "com.tringapps.testframework.-0180305-RajPachaiyappan-NYCSchoolsTests";
				PRODUCT_NAME = "$(TARGET_NAME)";
				SWIFT_VERSION = 4.0;
				TARGETED_DEVICE_FAMILY = "1,2";
				TEST_HOST = "$(BUILT_PRODUCTS_DIR)/20180305-RajPachaiyappan-NYCSchools.app/20180305-RajPachaiyappan-NYCSchools";
			};
			name = Release;
		};
		EE32650F204E0A4D009ABDEF /* Debug */ = {
			isa = XCBuildConfiguration;
			baseConfigurationReference = 8AB8195C8D6F1720AB6C3E86 /* Pods-20180305-RajPachaiyappan-NYCSchoolsUITests.debug.xcconfig */;
			buildSettings = {
				ALWAYS_EMBED_SWIFT_STANDARD_LIBRARIES = YES;
				CODE_SIGN_STYLE = Automatic;
				INFOPLIST_FILE = "20180305-RajPachaiyappan-NYCSchoolsUITests/Info.plist";
				LD_RUNPATH_SEARCH_PATHS = "$(inherited) @executable_path/Frameworks @loader_path/Frameworks";
				PRODUCT_BUNDLE_IDENTIFIER = "com.tringapps.testframework.-0180305-RajPachaiyappan-NYCSchoolsUITests";
				PRODUCT_NAME = "$(TARGET_NAME)";
				SWIFT_VERSION = 4.0;
				TARGETED_DEVICE_FAMILY = "1,2";
				TEST_TARGET_NAME = "20180305-RajPachaiyappan-NYCSchools";
			};
			name = Debug;
		};
		EE326510204E0A4D009ABDEF /* Release */ = {
			isa = XCBuildConfiguration;
			baseConfigurationReference = B59346DBC3595602A4689439 /* Pods-20180305-RajPachaiyappan-NYCSchoolsUITests.release.xcconfig */;
			buildSettings = {
				ALWAYS_EMBED_SWIFT_STANDARD_LIBRARIES = YES;
				CODE_SIGN_STYLE = Automatic;
				INFOPLIST_FILE = "20180305-RajPachaiyappan-NYCSchoolsUITests/Info.plist";
				LD_RUNPATH_SEARCH_PATHS = "$(inherited) @executable_path/Frameworks @loader_path/Frameworks";
				PRODUCT_BUNDLE_IDENTIFIER = "com.tringapps.testframework.-0180305-RajPachaiyappan-NYCSchoolsUITests";
				PRODUCT_NAME = "$(TARGET_NAME)";
				SWIFT_VERSION = 4.0;
				TARGETED_DEVICE_FAMILY = "1,2";
				TEST_TARGET_NAME = "20180305-RajPachaiyappan-NYCSchools";
			};
			name = Release;
		};
/* End XCBuildConfiguration section */

/* Begin XCConfigurationList section */
		EE3264DB204E0A4D009ABDEF /* Build configuration list for PBXProject "20180305-RajPachaiyappan-NYCSchools" */ = {
			isa = XCConfigurationList;
			buildConfigurations = (
				EE326506204E0A4D009ABDEF /* Debug */,
				EE326507204E0A4D009ABDEF /* Release */,
			);
			defaultConfigurationIsVisible = 0;
			defaultConfigurationName = Release;
		};
		EE326508204E0A4D009ABDEF /* Build configuration list for PBXNativeTarget "20180305-RajPachaiyappan-NYCSchools" */ = {
			isa = XCConfigurationList;
			buildConfigurations = (
				EE326509204E0A4D009ABDEF /* Debug */,
				EE32650A204E0A4D009ABDEF /* Release */,
			);
			defaultConfigurationIsVisible = 0;
			defaultConfigurationName = Release;
		};
		EE32650B204E0A4D009ABDEF /* Build configuration list for PBXNativeTarget "20180305-RajPachaiyappan-NYCSchoolsTests" */ = {
			isa = XCConfigurationList;
			buildConfigurations = (
				EE32650C204E0A4D009ABDEF /* Debug */,
				EE32650D204E0A4D009ABDEF /* Release */,
			);
			defaultConfigurationIsVisible = 0;
			defaultConfigurationName = Release;
		};
		EE32650E204E0A4D009ABDEF /* Build configuration list for PBXNativeTarget "20180305-RajPachaiyappan-NYCSchoolsUITests" */ = {
			isa = XCConfigurationList;
			buildConfigurations = (
				EE32650F204E0A4D009ABDEF /* Debug */,
				EE326510204E0A4D009ABDEF /* Release */,
			);
			defaultConfigurationIsVisible = 0;
			defaultConfigurationName = Release;
		};
/* End XCConfigurationList section */
	};
	rootObject = EE3264D8204E0A4D009ABDEF /* Project object */;
}
